
Microsoft Visual Studio Solution File, Format Version 12.00
# Visual Studio Version 17
VisualStudioVersion = 17.12.35707.178 d17.12
MinimumVisualStudioVersion = 10.0.40219.1
Project("{FAE04EC0-301F-11D3-BF4B-00C04F79EFBC}") = "ToDoList.Domain", "ToDoList.Domain\ToDoList.Domain.csproj", "{1CDA70FB-E156-40E4-A86B-D7FB54C34B94}"
EndProject
Project("{FAE04EC0-301F-11D3-BF4B-00C04F79EFBC}") = "ToDoList.Infrastructure", "ToDoList.Infrastructure\ToDoList.Infrastructure.csproj", "{E9C484D9-EE06-4DCB-8E81-3FFF3CA34332}"
EndProject
Project("{FAE04EC0-301F-11D3-BF4B-00C04F79EFBC}") = "ToDoList.Application", "ToDoList.Application\ToDoList.Application.csproj", "{4D099050-503D-436B-901A-58DA2EC414AD}"
EndProject
Project("{FAE04EC0-301F-11D3-BF4B-00C04F79EFBC}") = "ToDoList.API", "ToDoList.API\ToDoList.API.csproj", "{EAAF03FF-AC3A-4658-AD3A-27BC92091E4C}"
EndProject
Global
	GlobalSection(SolutionConfigurationPlatforms) = preSolution
		Debug|Any CPU = Debug|Any CPU
		Release|Any CPU = Release|Any CPU
	EndGlobalSection
	GlobalSection(ProjectConfigurationPlatforms) = postSolution
		{1CDA70FB-E156-40E4-A86B-D7FB54C34B94}.Debug|Any CPU.ActiveCfg = Debug|Any CPU
		{1CDA70FB-E156-40E4-A86B-D7FB54C34B94}.Debug|Any CPU.Build.0 = Debug|Any CPU
		{1CDA70FB-E156-40E4-A86B-D7FB54C34B94}.Release|Any CPU.ActiveCfg = Release|Any CPU
		{1CDA70FB-E156-40E4-A86B-D7FB54C34B94}.Release|Any CPU.Build.0 = Release|Any CPU
		{E9C484D9-EE06-4DCB-8E81-3FFF3CA34332}.Debug|Any CPU.ActiveCfg = Debug|Any CPU
		{E9C484D9-EE06-4DCB-8E81-3FFF3CA34332}.Debug|Any CPU.Build.0 = Debug|Any CPU
		{E9C484D9-EE06-4DCB-8E81-3FFF3CA34332}.Release|Any CPU.ActiveCfg = Release|Any CPU
		{E9C484D9-EE06-4DCB-8E81-3FFF3CA34332}.Release|Any CPU.Build.0 = Release|Any CPU
		{4D099050-503D-436B-901A-58DA2EC414AD}.Debug|Any CPU.ActiveCfg = Debug|Any CPU
		{4D099050-503D-436B-901A-58DA2EC414AD}.Debug|Any CPU.Build.0 = Debug|Any CPU
		{4D099050-503D-436B-901A-58DA2EC414AD}.Release|Any CPU.ActiveCfg = Release|Any CPU
		{4D099050-503D-436B-901A-58DA2EC414AD}.Release|Any CPU.Build.0 = Release|Any CPU
		{EAAF03FF-AC3A-4658-AD3A-27BC92091E4C}.Debug|Any CPU.ActiveCfg = Debug|Any CPU
		{EAAF03FF-AC3A-4658-AD3A-27BC92091E4C}.Debug|Any CPU.Build.0 = Debug|Any CPU
		{EAAF03FF-AC3A-4658-AD3A-27BC92091E4C}.Release|Any CPU.ActiveCfg = Release|Any CPU
		{EAAF03FF-AC3A-4658-AD3A-27BC92091E4C}.Release|Any CPU.Build.0 = Release|Any CPU
	EndGlobalSection
	GlobalSection(SolutionProperties) = preSolution
		HideSolutionNode = FALSE
	EndGlobalSection
EndGlobal
